
Microsoft Visual Studio Solution File, Format Version 12.00
Project("{FAE04EC0-301F-11D3-BF4B-00C04F79EFBC}") = "MapperApp", "MapperApp\MapperApp.csproj", "{93B1D076-9553-4B27-9E72-423C21C28DC4}"
EndProject
Project("{FAE04EC0-301F-11D3-BF4B-00C04F79EFBC}") = "MapperApp.Tests", "MapperApp.Tests\MapperApp.Tests.csproj", "{8C27D331-D4E7-427D-956A-94DA73DD05F6}"
EndProject
Global
	GlobalSection(SolutionConfigurationPlatforms) = preSolution
		Debug|Any CPU = Debug|Any CPU
		Release|Any CPU = Release|Any CPU
	EndGlobalSection
	GlobalSection(ProjectConfigurationPlatforms) = postSolution
		{93B1D076-9553-4B27-9E72-423C21C28DC4}.Debug|Any CPU.ActiveCfg = Debug|Any CPU
		{93B1D076-9553-4B27-9E72-423C21C28DC4}.Debug|Any CPU.Build.0 = Debug|Any CPU
		{93B1D076-9553-4B27-9E72-423C21C28DC4}.Release|Any CPU.ActiveCfg = Release|Any CPU
		{93B1D076-9553-4B27-9E72-423C21C28DC4}.Release|Any CPU.Build.0 = Release|Any CPU
		{8C27D331-D4E7-427D-956A-94DA73DD05F6}.Debug|Any CPU.ActiveCfg = Debug|Any CPU
		{8C27D331-D4E7-427D-956A-94DA73DD05F6}.Debug|Any CPU.Build.0 = Debug|Any CPU
		{8C27D331-D4E7-427D-956A-94DA73DD05F6}.Release|Any CPU.ActiveCfg = Release|Any CPU
		{8C27D331-D4E7-427D-956A-94DA73DD05F6}.Release|Any CPU.Build.0 = Release|Any CPU
	EndGlobalSection
EndGlobal
